// !$*UTF8*$!
{
	archiveVersion = 1;
	classes = {
	};
	objectVersion = 51;
	objects = {

/* Begin PBXBuildFile section */
		2D15EAB323CCEC0D00A15847 /* IncomeViewController.swift in Sources */ = {isa = PBXBuildFile; fileRef = 2D15EAB223CCEC0D00A15847 /* IncomeViewController.swift */; };
		2D57DD9023C7E66B0036FFEE /* AppDelegate.swift in Sources */ = {isa = PBXBuildFile; fileRef = 2D57DD8F23C7E66B0036FFEE /* AppDelegate.swift */; };
		2D57DD9223C7E66B0036FFEE /* SceneDelegate.swift in Sources */ = {isa = PBXBuildFile; fileRef = 2D57DD9123C7E66B0036FFEE /* SceneDelegate.swift */; };
		2D57DD9423C7E66B0036FFEE /* ViewController.swift in Sources */ = {isa = PBXBuildFile; fileRef = 2D57DD9323C7E66B0036FFEE /* ViewController.swift */; };
		2D57DD9723C7E66B0036FFEE /* Main.storyboard in Resources */ = {isa = PBXBuildFile; fileRef = 2D57DD9523C7E66B0036FFEE /* Main.storyboard */; };
		2D57DD9923C7E66C0036FFEE /* Assets.xcassets in Resources */ = {isa = PBXBuildFile; fileRef = 2D57DD9823C7E66C0036FFEE /* Assets.xcassets */; };
		2D57DD9C23C7E66C0036FFEE /* LaunchScreen.storyboard in Resources */ = {isa = PBXBuildFile; fileRef = 2D57DD9A23C7E66C0036FFEE /* LaunchScreen.storyboard */; };
		2D57DDC223C7E7430036FFEE /* Expense.swift in Sources */ = {isa = PBXBuildFile; fileRef = 2D57DDC123C7E7430036FFEE /* Expense.swift */; };
		2DA1E8BE23E2075E00392312 /* MoneyManager.swift in Sources */ = {isa = PBXBuildFile; fileRef = 2DA1E8BD23E2075E00392312 /* MoneyManager.swift */; };
		2DAD1B3223CE332300A54CD4 /* Extensions.swift in Sources */ = {isa = PBXBuildFile; fileRef = 2DAD1B3123CE332300A54CD4 /* Extensions.swift */; };
		2DAD1B3423CE404300A54CD4 /* CoreDataManager.swift in Sources */ = {isa = PBXBuildFile; fileRef = 2DAD1B3323CE404300A54CD4 /* CoreDataManager.swift */; };
		2DAD1B3623CE725600A54CD4 /* EntryManager.swift in Sources */ = {isa = PBXBuildFile; fileRef = 2DAD1B3523CE725600A54CD4 /* EntryManager.swift */; };
		2DB4667023F4B5FF008F810F /* GraphViewController.swift in Sources */ = {isa = PBXBuildFile; fileRef = 2DB4666F23F4B5FF008F810F /* GraphViewController.swift */; };
		2DBEE5EF23C8F27C0046DF8A /* Income.swift in Sources */ = {isa = PBXBuildFile; fileRef = 2DBEE5EE23C8F27C0046DF8A /* Income.swift */; };
		2DBEE5F123C9164A0046DF8A /* Entry.swift in Sources */ = {isa = PBXBuildFile; fileRef = 2DBEE5F023C9164A0046DF8A /* Entry.swift */; };
		2DBEE5F723C9217F0046DF8A /* SavedData.xcdatamodeld in Sources */ = {isa = PBXBuildFile; fileRef = 2DBEE5F523C9217F0046DF8A /* SavedData.xcdatamodeld */; };
		2DBEE5F923C931F40046DF8A /* ExpenseViewController.swift in Sources */ = {isa = PBXBuildFile; fileRef = 2DBEE5F823C931F40046DF8A /* ExpenseViewController.swift */; };
		2DC4FA2623D1175600AE662B /* EntryTableViewCell.swift in Sources */ = {isa = PBXBuildFile; fileRef = 2DC4FA2523D1175600AE662B /* EntryTableViewCell.swift */; };
		2DEDD8B023DBA815002EC0B1 /* SetBudgetViewController.swift in Sources */ = {isa = PBXBuildFile; fileRef = 2DEDD8AF23DBA815002EC0B1 /* SetBudgetViewController.swift */; };
		4715169F80855193C1ED7F33 /* Pods_Allocat.framework in Frameworks */ = {isa = PBXBuildFile; fileRef = EA0EECA76BCDE8A3E083AB8B /* Pods_Allocat.framework */; };
/* End PBXBuildFile section */

/* Begin PBXFileReference section */
		222123D1DAE94020443403B4 /* Pods-Allocat.release.xcconfig */ = {isa = PBXFileReference; includeInIndex = 1; lastKnownFileType = text.xcconfig; name = "Pods-Allocat.release.xcconfig"; path = "Target Support Files/Pods-Allocat/Pods-Allocat.release.xcconfig"; sourceTree = "<group>"; };
		2D15EAB223CCEC0D00A15847 /* IncomeViewController.swift */ = {isa = PBXFileReference; lastKnownFileType = sourcecode.swift; path = IncomeViewController.swift; sourceTree = "<group>"; };
		2D57DD8C23C7E66B0036FFEE /* Allocat.app */ = {isa = PBXFileReference; explicitFileType = wrapper.application; includeInIndex = 0; path = Allocat.app; sourceTree = BUILT_PRODUCTS_DIR; };
		2D57DD8F23C7E66B0036FFEE /* AppDelegate.swift */ = {isa = PBXFileReference; lastKnownFileType = sourcecode.swift; path = AppDelegate.swift; sourceTree = "<group>"; };
		2D57DD9123C7E66B0036FFEE /* SceneDelegate.swift */ = {isa = PBXFileReference; lastKnownFileType = sourcecode.swift; path = SceneDelegate.swift; sourceTree = "<group>"; };
		2D57DD9323C7E66B0036FFEE /* ViewController.swift */ = {isa = PBXFileReference; lastKnownFileType = sourcecode.swift; path = ViewController.swift; sourceTree = "<group>"; };
		2D57DD9623C7E66B0036FFEE /* Base */ = {isa = PBXFileReference; lastKnownFileType = file.storyboard; name = Base; path = Base.lproj/Main.storyboard; sourceTree = "<group>"; };
		2D57DD9823C7E66C0036FFEE /* Assets.xcassets */ = {isa = PBXFileReference; lastKnownFileType = folder.assetcatalog; path = Assets.xcassets; sourceTree = "<group>"; };
		2D57DD9B23C7E66C0036FFEE /* Base */ = {isa = PBXFileReference; lastKnownFileType = file.storyboard; name = Base; path = Base.lproj/LaunchScreen.storyboard; sourceTree = "<group>"; };
		2D57DD9D23C7E66C0036FFEE /* Info.plist */ = {isa = PBXFileReference; lastKnownFileType = text.plist.xml; path = Info.plist; sourceTree = "<group>"; };
		2D57DDA623C7E66C0036FFEE /* AllocatTests.swift */ = {isa = PBXFileReference; lastKnownFileType = sourcecode.swift; path = AllocatTests.swift; sourceTree = "<group>"; };
		2D57DDA823C7E66C0036FFEE /* Info.plist */ = {isa = PBXFileReference; lastKnownFileType = text.plist.xml; path = Info.plist; sourceTree = "<group>"; };
		2D57DDB123C7E66C0036FFEE /* AllocatUITests.swift */ = {isa = PBXFileReference; lastKnownFileType = sourcecode.swift; path = AllocatUITests.swift; sourceTree = "<group>"; };
		2D57DDB323C7E66C0036FFEE /* Info.plist */ = {isa = PBXFileReference; lastKnownFileType = text.plist.xml; path = Info.plist; sourceTree = "<group>"; };
		2D57DDC123C7E7430036FFEE /* Expense.swift */ = {isa = PBXFileReference; lastKnownFileType = sourcecode.swift; path = Expense.swift; sourceTree = "<group>"; };
		2DA1E8BD23E2075E00392312 /* MoneyManager.swift */ = {isa = PBXFileReference; lastKnownFileType = sourcecode.swift; path = MoneyManager.swift; sourceTree = "<group>"; };
		2DAD1B3123CE332300A54CD4 /* Extensions.swift */ = {isa = PBXFileReference; lastKnownFileType = sourcecode.swift; path = Extensions.swift; sourceTree = "<group>"; };
		2DAD1B3323CE404300A54CD4 /* CoreDataManager.swift */ = {isa = PBXFileReference; lastKnownFileType = sourcecode.swift; path = CoreDataManager.swift; sourceTree = "<group>"; };
		2DAD1B3523CE725600A54CD4 /* EntryManager.swift */ = {isa = PBXFileReference; lastKnownFileType = sourcecode.swift; path = EntryManager.swift; sourceTree = "<group>"; };
		2DB4666F23F4B5FF008F810F /* GraphViewController.swift */ = {isa = PBXFileReference; lastKnownFileType = sourcecode.swift; path = GraphViewController.swift; sourceTree = "<group>"; };
		2DBEE5EE23C8F27C0046DF8A /* Income.swift */ = {isa = PBXFileReference; lastKnownFileType = sourcecode.swift; path = Income.swift; sourceTree = "<group>"; };
		2DBEE5F023C9164A0046DF8A /* Entry.swift */ = {isa = PBXFileReference; lastKnownFileType = sourcecode.swift; path = Entry.swift; sourceTree = "<group>"; };
		2DBEE5F623C9217F0046DF8A /* SavedData.xcdatamodel */ = {isa = PBXFileReference; lastKnownFileType = wrapper.xcdatamodel; path = SavedData.xcdatamodel; sourceTree = "<group>"; };
		2DBEE5F823C931F40046DF8A /* ExpenseViewController.swift */ = {isa = PBXFileReference; lastKnownFileType = sourcecode.swift; path = ExpenseViewController.swift; sourceTree = "<group>"; };
		2DC4FA2523D1175600AE662B /* EntryTableViewCell.swift */ = {isa = PBXFileReference; lastKnownFileType = sourcecode.swift; path = EntryTableViewCell.swift; sourceTree = "<group>"; };
		2DEDD8AF23DBA815002EC0B1 /* SetBudgetViewController.swift */ = {isa = PBXFileReference; lastKnownFileType = sourcecode.swift; path = SetBudgetViewController.swift; sourceTree = "<group>"; };
		3239C78CD6C225DBD1D41196 /* Pods_Allocat_AllocatUITests.framework */ = {isa = PBXFileReference; explicitFileType = wrapper.framework; includeInIndex = 0; path = Pods_Allocat_AllocatUITests.framework; sourceTree = BUILT_PRODUCTS_DIR; };
		340C50D7A3A4B01F4C52BC21 /* Pods-AllocatTests.release.xcconfig */ = {isa = PBXFileReference; includeInIndex = 1; lastKnownFileType = text.xcconfig; name = "Pods-AllocatTests.release.xcconfig"; path = "Target Support Files/Pods-AllocatTests/Pods-AllocatTests.release.xcconfig"; sourceTree = "<group>"; };
		49C2E7506A283CC71927CB41 /* Pods-Allocat.debug.xcconfig */ = {isa = PBXFileReference; includeInIndex = 1; lastKnownFileType = text.xcconfig; name = "Pods-Allocat.debug.xcconfig"; path = "Target Support Files/Pods-Allocat/Pods-Allocat.debug.xcconfig"; sourceTree = "<group>"; };
		7614FB97493EFD58DC0A6EC7 /* Pods-Allocat-AllocatUITests.release.xcconfig */ = {isa = PBXFileReference; includeInIndex = 1; lastKnownFileType = text.xcconfig; name = "Pods-Allocat-AllocatUITests.release.xcconfig"; path = "Target Support Files/Pods-Allocat-AllocatUITests/Pods-Allocat-AllocatUITests.release.xcconfig"; sourceTree = "<group>"; };
		90984E5374B64B35E9B5148F /* Pods-AllocatTests.debug.xcconfig */ = {isa = PBXFileReference; includeInIndex = 1; lastKnownFileType = text.xcconfig; name = "Pods-AllocatTests.debug.xcconfig"; path = "Target Support Files/Pods-AllocatTests/Pods-AllocatTests.debug.xcconfig"; sourceTree = "<group>"; };
		E08A5D8EE88BB3AEE2957807 /* Pods-Allocat-AllocatUITests.debug.xcconfig */ = {isa = PBXFileReference; includeInIndex = 1; lastKnownFileType = text.xcconfig; name = "Pods-Allocat-AllocatUITests.debug.xcconfig"; path = "Target Support Files/Pods-Allocat-AllocatUITests/Pods-Allocat-AllocatUITests.debug.xcconfig"; sourceTree = "<group>"; };
		EA0EECA76BCDE8A3E083AB8B /* Pods_Allocat.framework */ = {isa = PBXFileReference; explicitFileType = wrapper.framework; includeInIndex = 0; path = Pods_Allocat.framework; sourceTree = BUILT_PRODUCTS_DIR; };
		F97F671F0E6FDF53FE1633C1 /* Pods_AllocatTests.framework */ = {isa = PBXFileReference; explicitFileType = wrapper.framework; includeInIndex = 0; path = Pods_AllocatTests.framework; sourceTree = BUILT_PRODUCTS_DIR; };
/* End PBXFileReference section */

/* Begin PBXFrameworksBuildPhase section */
		2D57DD8923C7E66B0036FFEE /* Frameworks */ = {
			isa = PBXFrameworksBuildPhase;
			buildActionMask = 2147483647;
			files = (
				4715169F80855193C1ED7F33 /* Pods_Allocat.framework in Frameworks */,
			);
			runOnlyForDeploymentPostprocessing = 0;
		};
/* End PBXFrameworksBuildPhase section */

/* Begin PBXGroup section */
		22E836F148015DDBAF86016F /* Pods */ = {
			isa = PBXGroup;
			children = (
				49C2E7506A283CC71927CB41 /* Pods-Allocat.debug.xcconfig */,
				222123D1DAE94020443403B4 /* Pods-Allocat.release.xcconfig */,
				E08A5D8EE88BB3AEE2957807 /* Pods-Allocat-AllocatUITests.debug.xcconfig */,
				7614FB97493EFD58DC0A6EC7 /* Pods-Allocat-AllocatUITests.release.xcconfig */,
				90984E5374B64B35E9B5148F /* Pods-AllocatTests.debug.xcconfig */,
				340C50D7A3A4B01F4C52BC21 /* Pods-AllocatTests.release.xcconfig */,
			);
			path = Pods;
			sourceTree = "<group>";
		};
		2D57DD8323C7E66B0036FFEE = {
			isa = PBXGroup;
			children = (
				2D57DD8E23C7E66B0036FFEE /* Allocat */,
				2D57DDA523C7E66C0036FFEE /* AllocatTests */,
				2D57DDB023C7E66C0036FFEE /* AllocatUITests */,
				2D57DD8D23C7E66B0036FFEE /* Products */,
				22E836F148015DDBAF86016F /* Pods */,
				44D6D52284841482C1010620 /* Frameworks */,
			);
			sourceTree = "<group>";
		};
		2D57DD8D23C7E66B0036FFEE /* Products */ = {
			isa = PBXGroup;
			children = (
				2D57DD8C23C7E66B0036FFEE /* Allocat.app */,
			);
			name = Products;
			sourceTree = "<group>";
		};
		2D57DD8E23C7E66B0036FFEE /* Allocat */ = {
			isa = PBXGroup;
			children = (
				2D57DD8F23C7E66B0036FFEE /* AppDelegate.swift */,
				2D57DD9123C7E66B0036FFEE /* SceneDelegate.swift */,
				2D57DDBF23C7E71E0036FFEE /* Models */,
				2D57DDC023C7E7260036FFEE /* Views */,
				2D57DD9523C7E66B0036FFEE /* Main.storyboard */,
				2DAD1B3123CE332300A54CD4 /* Extensions.swift */,
				2DBEE5F423C921600046DF8A /* Core Data */,
				2D57DD9823C7E66C0036FFEE /* Assets.xcassets */,
				2D57DD9A23C7E66C0036FFEE /* LaunchScreen.storyboard */,
				2D57DD9D23C7E66C0036FFEE /* Info.plist */,
			);
			path = Allocat;
			sourceTree = "<group>";
		};
		2D57DDA523C7E66C0036FFEE /* AllocatTests */ = {
			isa = PBXGroup;
			children = (
				2D57DDA623C7E66C0036FFEE /* AllocatTests.swift */,
				2D57DDA823C7E66C0036FFEE /* Info.plist */,
			);
			path = AllocatTests;
			sourceTree = "<group>";
		};
		2D57DDB023C7E66C0036FFEE /* AllocatUITests */ = {
			isa = PBXGroup;
			children = (
				2D57DDB123C7E66C0036FFEE /* AllocatUITests.swift */,
				2D57DDB323C7E66C0036FFEE /* Info.plist */,
			);
			path = AllocatUITests;
			sourceTree = "<group>";
		};
		2D57DDBF23C7E71E0036FFEE /* Models */ = {
			isa = PBXGroup;
			children = (
				2DBEE5F023C9164A0046DF8A /* Entry.swift */,
				2D57DDC123C7E7430036FFEE /* Expense.swift */,
				2DBEE5EE23C8F27C0046DF8A /* Income.swift */,
				2DAD1B3523CE725600A54CD4 /* EntryManager.swift */,
				2DA1E8BD23E2075E00392312 /* MoneyManager.swift */,
			);
			path = Models;
			sourceTree = "<group>";
		};
		2D57DDC023C7E7260036FFEE /* Views */ = {
			isa = PBXGroup;
			children = (
				2D57DD9323C7E66B0036FFEE /* ViewController.swift */,
				2DC4FA2523D1175600AE662B /* EntryTableViewCell.swift */,
				2DEDD8AF23DBA815002EC0B1 /* SetBudgetViewController.swift */,
				2DBEE5F823C931F40046DF8A /* ExpenseViewController.swift */,
				2D15EAB223CCEC0D00A15847 /* IncomeViewController.swift */,
				2DB4666F23F4B5FF008F810F /* GraphViewController.swift */,
			);
			path = Views;
			sourceTree = "<group>";
		};
		2DBEE5F423C921600046DF8A /* Core Data */ = {
			isa = PBXGroup;
			children = (
				2DBEE5F523C9217F0046DF8A /* SavedData.xcdatamodeld */,
				2DAD1B3323CE404300A54CD4 /* CoreDataManager.swift */,
			);
			path = "Core Data";
			sourceTree = "<group>";
		};
		44D6D52284841482C1010620 /* Frameworks */ = {
			isa = PBXGroup;
			children = (
				EA0EECA76BCDE8A3E083AB8B /* Pods_Allocat.framework */,
				3239C78CD6C225DBD1D41196 /* Pods_Allocat_AllocatUITests.framework */,
				F97F671F0E6FDF53FE1633C1 /* Pods_AllocatTests.framework */,
			);
			name = Frameworks;
			sourceTree = "<group>";
		};
/* End PBXGroup section */

/* Begin PBXNativeTarget section */
		2D57DD8B23C7E66B0036FFEE /* Allocat */ = {
			isa = PBXNativeTarget;
			buildConfigurationList = 2D57DDB623C7E66C0036FFEE /* Build configuration list for PBXNativeTarget "Allocat" */;
			buildPhases = (
				105DBE37F444C7FFC1280995 /* [CP] Check Pods Manifest.lock */,
				2D57DD8823C7E66B0036FFEE /* Sources */,
				2D57DD8923C7E66B0036FFEE /* Frameworks */,
				2D57DD8A23C7E66B0036FFEE /* Resources */,
				2C71604E619433B5E019B300 /* [CP] Embed Pods Frameworks */,
			);
			buildRules = (
			);
			dependencies = (
			);
			name = Allocat;
			productName = Allocat;
			productReference = 2D57DD8C23C7E66B0036FFEE /* Allocat.app */;
			productType = "com.apple.product-type.application";
		};
/* End PBXNativeTarget section */

/* Begin PBXProject section */
		2D57DD8423C7E66B0036FFEE /* Project object */ = {
			isa = PBXProject;
			attributes = {
				LastSwiftUpdateCheck = 1120;
				LastUpgradeCheck = 1120;
				ORGANIZATIONNAME = "Kate Duncan-Welke";
				TargetAttributes = {
					2D57DD8B23C7E66B0036FFEE = {
						CreatedOnToolsVersion = 11.2.1;
					};
				};
			};
			buildConfigurationList = 2D57DD8723C7E66B0036FFEE /* Build configuration list for PBXProject "Allocat" */;
			compatibilityVersion = "Xcode 9.3";
			developmentRegion = en;
			hasScannedForEncodings = 0;
			knownRegions = (
				en,
				Base,
			);
			mainGroup = 2D57DD8323C7E66B0036FFEE;
			productRefGroup = 2D57DD8D23C7E66B0036FFEE /* Products */;
			projectDirPath = "";
			projectRoot = "";
			targets = (
				2D57DD8B23C7E66B0036FFEE /* Allocat */,
			);
		};
/* End PBXProject section */

/* Begin PBXResourcesBuildPhase section */
		2D57DD8A23C7E66B0036FFEE /* Resources */ = {
			isa = PBXResourcesBuildPhase;
			buildActionMask = 2147483647;
			files = (
				2D57DD9C23C7E66C0036FFEE /* LaunchScreen.storyboard in Resources */,
				2D57DD9923C7E66C0036FFEE /* Assets.xcassets in Resources */,
				2D57DD9723C7E66B0036FFEE /* Main.storyboard in Resources */,
			);
			runOnlyForDeploymentPostprocessing = 0;
		};
/* End PBXResourcesBuildPhase section */

/* Begin PBXShellScriptBuildPhase section */
		105DBE37F444C7FFC1280995 /* [CP] Check Pods Manifest.lock */ = {
			isa = PBXShellScriptBuildPhase;
			buildActionMask = 2147483647;
			files = (
			);
			inputFileListPaths = (
			);
			inputPaths = (
				"${PODS_PODFILE_DIR_PATH}/Podfile.lock",
				"${PODS_ROOT}/Manifest.lock",
			);
			name = "[CP] Check Pods Manifest.lock";
			outputFileListPaths = (
			);
			outputPaths = (
				"$(DERIVED_FILE_DIR)/Pods-Allocat-checkManifestLockResult.txt",
			);
			runOnlyForDeploymentPostprocessing = 0;
			shellPath = /bin/sh;
			shellScript = "diff \"${PODS_PODFILE_DIR_PATH}/Podfile.lock\" \"${PODS_ROOT}/Manifest.lock\" > /dev/null\nif [ $? != 0 ] ; then\n    # print error to STDERR\n    echo \"error: The sandbox is not in sync with the Podfile.lock. Run 'pod install' or update your CocoaPods installation.\" >&2\n    exit 1\nfi\n# This output is used by Xcode 'outputs' to avoid re-running this script phase.\necho \"SUCCESS\" > \"${SCRIPT_OUTPUT_FILE_0}\"\n";
			showEnvVarsInLog = 0;
		};
		2C71604E619433B5E019B300 /* [CP] Embed Pods Frameworks */ = {
			isa = PBXShellScriptBuildPhase;
			buildActionMask = 2147483647;
			files = (
			);
			inputFileListPaths = (
				"${PODS_ROOT}/Target Support Files/Pods-Allocat/Pods-Allocat-frameworks-${CONFIGURATION}-input-files.xcfilelist",
			);
			name = "[CP] Embed Pods Frameworks";
			outputFileListPaths = (
				"${PODS_ROOT}/Target Support Files/Pods-Allocat/Pods-Allocat-frameworks-${CONFIGURATION}-output-files.xcfilelist",
			);
			runOnlyForDeploymentPostprocessing = 0;
			shellPath = /bin/sh;
			shellScript = "\"${PODS_ROOT}/Target Support Files/Pods-Allocat/Pods-Allocat-frameworks.sh\"\n";
			showEnvVarsInLog = 0;
		};
/* End PBXShellScriptBuildPhase section */

/* Begin PBXSourcesBuildPhase section */
		2D57DD8823C7E66B0036FFEE /* Sources */ = {
			isa = PBXSourcesBuildPhase;
			buildActionMask = 2147483647;
			files = (
				2DBEE5F123C9164A0046DF8A /* Entry.swift in Sources */,
				2D15EAB323CCEC0D00A15847 /* IncomeViewController.swift in Sources */,
				2D57DDC223C7E7430036FFEE /* Expense.swift in Sources */,
				2DBEE5F923C931F40046DF8A /* ExpenseViewController.swift in Sources */,
				2DEDD8B023DBA815002EC0B1 /* SetBudgetViewController.swift in Sources */,
				2DB4667023F4B5FF008F810F /* GraphViewController.swift in Sources */,
				2DBEE5F723C9217F0046DF8A /* SavedData.xcdatamodeld in Sources */,
				2DAD1B3423CE404300A54CD4 /* CoreDataManager.swift in Sources */,
				2D57DD9423C7E66B0036FFEE /* ViewController.swift in Sources */,
				2D57DD9023C7E66B0036FFEE /* AppDelegate.swift in Sources */,
				2DBEE5EF23C8F27C0046DF8A /* Income.swift in Sources */,
				2DC4FA2623D1175600AE662B /* EntryTableViewCell.swift in Sources */,
				2DAD1B3223CE332300A54CD4 /* Extensions.swift in Sources */,
				2D57DD9223C7E66B0036FFEE /* SceneDelegate.swift in Sources */,
				2DA1E8BE23E2075E00392312 /* MoneyManager.swift in Sources */,
				2DAD1B3623CE725600A54CD4 /* EntryManager.swift in Sources */,
			);
			runOnlyForDeploymentPostprocessing = 0;
		};
/* End PBXSourcesBuildPhase section */

/* Begin PBXVariantGroup section */
		2D57DD9523C7E66B0036FFEE /* Main.storyboard */ = {
			isa = PBXVariantGroup;
			children = (
				2D57DD9623C7E66B0036FFEE /* Base */,
			);
			name = Main.storyboard;
			sourceTree = "<group>";
		};
		2D57DD9A23C7E66C0036FFEE /* LaunchScreen.storyboard */ = {
			isa = PBXVariantGroup;
			children = (
				2D57DD9B23C7E66C0036FFEE /* Base */,
			);
			name = LaunchScreen.storyboard;
			sourceTree = "<group>";
		};
/* End PBXVariantGroup section */

/* Begin XCBuildConfiguration section */
		2D57DDB423C7E66C0036FFEE /* Debug */ = {
			isa = XCBuildConfiguration;
			buildSettings = {
				ALWAYS_SEARCH_USER_PATHS = NO;
				CLANG_ANALYZER_NONNULL = YES;
				CLANG_ANALYZER_NUMBER_OBJECT_CONVERSION = YES_AGGRESSIVE;
				CLANG_CXX_LANGUAGE_STANDARD = "gnu++14";
				CLANG_CXX_LIBRARY = "libc++";
				CLANG_ENABLE_MODULES = YES;
				CLANG_ENABLE_OBJC_ARC = YES;
				CLANG_ENABLE_OBJC_WEAK = YES;
				CLANG_WARN_BLOCK_CAPTURE_AUTORELEASING = YES;
				CLANG_WARN_BOOL_CONVERSION = YES;
				CLANG_WARN_COMMA = YES;
				CLANG_WARN_CONSTANT_CONVERSION = YES;
				CLANG_WARN_DEPRECATED_OBJC_IMPLEMENTATIONS = YES;
				CLANG_WARN_DIRECT_OBJC_ISA_USAGE = YES_ERROR;
				CLANG_WARN_DOCUMENTATION_COMMENTS = YES;
				CLANG_WARN_EMPTY_BODY = YES;
				CLANG_WARN_ENUM_CONVERSION = YES;
				CLANG_WARN_INFINITE_RECURSION = YES;
				CLANG_WARN_INT_CONVERSION = YES;
				CLANG_WARN_NON_LITERAL_NULL_CONVERSION = YES;
				CLANG_WARN_OBJC_IMPLICIT_RETAIN_SELF = YES;
				CLANG_WARN_OBJC_LITERAL_CONVERSION = YES;
				CLANG_WARN_OBJC_ROOT_CLASS = YES_ERROR;
				CLANG_WARN_RANGE_LOOP_ANALYSIS = YES;
				CLANG_WARN_STRICT_PROTOTYPES = YES;
				CLANG_WARN_SUSPICIOUS_MOVE = YES;
				CLANG_WARN_UNGUARDED_AVAILABILITY = YES_AGGRESSIVE;
				CLANG_WARN_UNREACHABLE_CODE = YES;
				CLANG_WARN__DUPLICATE_METHOD_MATCH = YES;
				COPY_PHASE_STRIP = NO;
				DEBUG_INFORMATION_FORMAT = dwarf;
				ENABLE_STRICT_OBJC_MSGSEND = YES;
				ENABLE_TESTABILITY = YES;
				GCC_C_LANGUAGE_STANDARD = gnu11;
				GCC_DYNAMIC_NO_PIC = NO;
				GCC_NO_COMMON_BLOCKS = YES;
				GCC_OPTIMIZATION_LEVEL = 0;
				GCC_PREPROCESSOR_DEFINITIONS = (
					"DEBUG=1",
					"$(inherited)",
				);
				GCC_WARN_64_TO_32_BIT_CONVERSION = YES;
				GCC_WARN_ABOUT_RETURN_TYPE = YES_ERROR;
				GCC_WARN_UNDECLARED_SELECTOR = YES;
				GCC_WARN_UNINITIALIZED_AUTOS = YES_AGGRESSIVE;
				GCC_WARN_UNUSED_FUNCTION = YES;
				GCC_WARN_UNUSED_VARIABLE = YES;
				IPHONEOS_DEPLOYMENT_TARGET = 13.2;
				MTL_ENABLE_DEBUG_INFO = INCLUDE_SOURCE;
				MTL_FAST_MATH = YES;
				ONLY_ACTIVE_ARCH = YES;
				SDKROOT = iphoneos;
				SWIFT_ACTIVE_COMPILATION_CONDITIONS = DEBUG;
				SWIFT_OPTIMIZATION_LEVEL = "-Onone";
			};
			name = Debug;
		};
		2D57DDB523C7E66C0036FFEE /* Release */ = {
			isa = XCBuildConfiguration;
			buildSettings = {
				ALWAYS_SEARCH_USER_PATHS = NO;
				CLANG_ANALYZER_NONNULL = YES;
				CLANG_ANALYZER_NUMBER_OBJECT_CONVERSION = YES_AGGRESSIVE;
				CLANG_CXX_LANGUAGE_STANDARD = "gnu++14";
				CLANG_CXX_LIBRARY = "libc++";
				CLANG_ENABLE_MODULES = YES;
				CLANG_ENABLE_OBJC_ARC = YES;
				CLANG_ENABLE_OBJC_WEAK = YES;
				CLANG_WARN_BLOCK_CAPTURE_AUTORELEASING = YES;
				CLANG_WARN_BOOL_CONVERSION = YES;
				CLANG_WARN_COMMA = YES;
				CLANG_WARN_CONSTANT_CONVERSION = YES;
				CLANG_WARN_DEPRECATED_OBJC_IMPLEMENTATIONS = YES;
				CLANG_WARN_DIRECT_OBJC_ISA_USAGE = YES_ERROR;
				CLANG_WARN_DOCUMENTATION_COMMENTS = YES;
				CLANG_WARN_EMPTY_BODY = YES;
				CLANG_WARN_ENUM_CONVERSION = YES;
				CLANG_WARN_INFINITE_RECURSION = YES;
				CLANG_WARN_INT_CONVERSION = YES;
				CLANG_WARN_NON_LITERAL_NULL_CONVERSION = YES;
				CLANG_WARN_OBJC_IMPLICIT_RETAIN_SELF = YES;
				CLANG_WARN_OBJC_LITERAL_CONVERSION = YES;
				CLANG_WARN_OBJC_ROOT_CLASS = YES_ERROR;
				CLANG_WARN_RANGE_LOOP_ANALYSIS = YES;
				CLANG_WARN_STRICT_PROTOTYPES = YES;
				CLANG_WARN_SUSPICIOUS_MOVE = YES;
				CLANG_WARN_UNGUARDED_AVAILABILITY = YES_AGGRESSIVE;
				CLANG_WARN_UNREACHABLE_CODE = YES;
				CLANG_WARN__DUPLICATE_METHOD_MATCH = YES;
				COPY_PHASE_STRIP = NO;
				DEBUG_INFORMATION_FORMAT = "dwarf-with-dsym";
				ENABLE_NS_ASSERTIONS = NO;
				ENABLE_STRICT_OBJC_MSGSEND = YES;
				GCC_C_LANGUAGE_STANDARD = gnu11;
				GCC_NO_COMMON_BLOCKS = YES;
				GCC_WARN_64_TO_32_BIT_CONVERSION = YES;
				GCC_WARN_ABOUT_RETURN_TYPE = YES_ERROR;
				GCC_WARN_UNDECLARED_SELECTOR = YES;
				GCC_WARN_UNINITIALIZED_AUTOS = YES_AGGRESSIVE;
				GCC_WARN_UNUSED_FUNCTION = YES;
				GCC_WARN_UNUSED_VARIABLE = YES;
				IPHONEOS_DEPLOYMENT_TARGET = 13.2;
				MTL_ENABLE_DEBUG_INFO = NO;
				MTL_FAST_MATH = YES;
				SDKROOT = iphoneos;
				SWIFT_COMPILATION_MODE = wholemodule;
				SWIFT_OPTIMIZATION_LEVEL = "-O";
				VALIDATE_PRODUCT = YES;
			};
			name = Release;
		};
		2D57DDB723C7E66C0036FFEE /* Debug */ = {
			isa = XCBuildConfiguration;
			baseConfigurationReference = 49C2E7506A283CC71927CB41 /* Pods-Allocat.debug.xcconfig */;
			buildSettings = {
				ALWAYS_EMBED_SWIFT_STANDARD_LIBRARIES = "$(inherited)";
				ALWAYS_SEARCH_USER_PATHS = "$(inherited)";
				ASSETCATALOG_COMPILER_APPICON_NAME = AppIcon;
				CODE_SIGN_STYLE = Automatic;
				DEVELOPMENT_TEAM = A8R365GJ52;
				INFOPLIST_FILE = Allocat/Info.plist;
				LD_RUNPATH_SEARCH_PATHS = "$(inherited)";
				PRODUCT_BUNDLE_IDENTIFIER = "com.kduncan-welke.Allocat";
				PRODUCT_NAME = "$(TARGET_NAME)";
				SWIFT_VERSION = 5.0;
				TARGETED_DEVICE_FAMILY = "1,2";
			};
			name = Debug;
		};
		2D57DDB823C7E66C0036FFEE /* Release */ = {
			isa = XCBuildConfiguration;
			baseConfigurationReference = 222123D1DAE94020443403B4 /* Pods-Allocat.release.xcconfig */;
			buildSettings = {
				ALWAYS_EMBED_SWIFT_STANDARD_LIBRARIES = "$(inherited)";
				ALWAYS_SEARCH_USER_PATHS = "$(inherited)";
				ASSETCATALOG_COMPILER_APPICON_NAME = AppIcon;
				CODE_SIGN_STYLE = Automatic;
				DEVELOPMENT_TEAM = A8R365GJ52;
				INFOPLIST_FILE = Allocat/Info.plist;
				LD_RUNPATH_SEARCH_PATHS = "$(inherited)";
				PRODUCT_BUNDLE_IDENTIFIER = "com.kduncan-welke.Allocat";
				PRODUCT_NAME = "$(TARGET_NAME)";
				SWIFT_VERSION = 5.0;
				TARGETED_DEVICE_FAMILY = "1,2";
			};
			name = Release;
		};
/* End XCBuildConfiguration section */

/* Begin XCConfigurationList section */
		2D57DD8723C7E66B0036FFEE /* Build configuration list for PBXProject "Allocat" */ = {
			isa = XCConfigurationList;
			buildConfigurations = (
				2D57DDB423C7E66C0036FFEE /* Debug */,
				2D57DDB523C7E66C0036FFEE /* Release */,
			);
			defaultConfigurationIsVisible = 0;
			defaultConfigurationName = Release;
		};
		2D57DDB623C7E66C0036FFEE /* Build configuration list for PBXNativeTarget "Allocat" */ = {
			isa = XCConfigurationList;
			buildConfigurations = (
				2D57DDB723C7E66C0036FFEE /* Debug */,
				2D57DDB823C7E66C0036FFEE /* Release */,
			);
			defaultConfigurationIsVisible = 0;
			defaultConfigurationName = Release;
		};
/* End XCConfigurationList section */

/* Begin XCVersionGroup section */
		2DBEE5F523C9217F0046DF8A /* SavedData.xcdatamodeld */ = {
			isa = XCVersionGroup;
			children = (
				2DBEE5F623C9217F0046DF8A /* SavedData.xcdatamodel */,
			);
			currentVersion = 2DBEE5F623C9217F0046DF8A /* SavedData.xcdatamodel */;
			path = SavedData.xcdatamodeld;
			sourceTree = "<group>";
			versionGroupType = wrapper.xcdatamodel;
		};
/* End XCVersionGroup section */
	};
	rootObject = 2D57DD8423C7E66B0036FFEE /* Project object */;
}
